
Microsoft Visual Studio Solution File, Format Version 12.00
# Visual Studio 15
VisualStudioVersion = 15.0.28307.1259
MinimumVisualStudioVersion = 10.0.40219.1
Project("{FAE04EC0-301F-11D3-BF4B-00C04F79EFBC}") = "Zoo", "Zoo\Zoo.csproj", "{F7BFA704-034F-445A-83BD-330095B83B99}"
EndProject
Global
	GlobalSection(SolutionConfigurationPlatforms) = preSolution
		Debug|Any CPU = Debug|Any CPU
		Release|Any CPU = Release|Any CPU
	EndGlobalSection
	GlobalSection(ProjectConfigurationPlatforms) = postSolution
		{F7BFA704-034F-445A-83BD-330095B83B99}.Debug|Any CPU.ActiveCfg = Debug|Any CPU
		{F7BFA704-034F-445A-83BD-330095B83B99}.Debug|Any CPU.Build.0 = Debug|Any CPU
		{F7BFA704-034F-445A-83BD-330095B83B99}.Release|Any CPU.ActiveCfg = Release|Any CPU
		{F7BFA704-034F-445A-83BD-330095B83B99}.Release|Any CPU.Build.0 = Release|Any CPU
	EndGlobalSection
	GlobalSection(SolutionProperties) = preSolution
		HideSolutionNode = FALSE
	EndGlobalSection
	GlobalSection(ExtensibilityGlobals) = postSolution
		SolutionGuid = {68FE8D7D-A82D-46BB-8425-9B4635F252BD}
	EndGlobalSection
EndGlobal
